
Microsoft Visual Studio Solution File, Format Version 12.00
Project("{FAE04EC0-301F-11D3-BF4B-00C04F79EFBC}") = "Basement", "Basement\Basement.csproj", "{B1A27BA7-C894-41BF-A17B-C43C115B0CF9}"
EndProject
Project("{FAE04EC0-301F-11D3-BF4B-00C04F79EFBC}") = "FactoryMethod", "FactoryMethod\FactoryMethod.csproj", "{3C560C28-135B-464B-9A5A-3A51B2A6771F}"
EndProject
Project("{FAE04EC0-301F-11D3-BF4B-00C04F79EFBC}") = "AbstractFactory", "AbstractFactory\AbstractFactory.csproj", "{53BFFB31-304D-46DB-9218-28F1B2D0871F}"
EndProject
Project("{FAE04EC0-301F-11D3-BF4B-00C04F79EFBC}") = "Singleton", "Singleton\Singleton.csproj", "{172C810C-50B1-4822-9142-C3442DE74126}"
EndProject
Project("{FAE04EC0-301F-11D3-BF4B-00C04F79EFBC}") = "builder", "builder\builder.csproj", "{6D12EA14-FD15-4ED6-A05D-41E69B686565}"
EndProject
Global
	GlobalSection(SolutionConfigurationPlatforms) = preSolution
		Debug|Any CPU = Debug|Any CPU
		Release|Any CPU = Release|Any CPU
	EndGlobalSection
	GlobalSection(ProjectConfigurationPlatforms) = postSolution
		{B1A27BA7-C894-41BF-A17B-C43C115B0CF9}.Debug|Any CPU.ActiveCfg = Debug|Any CPU
		{B1A27BA7-C894-41BF-A17B-C43C115B0CF9}.Debug|Any CPU.Build.0 = Debug|Any CPU
		{B1A27BA7-C894-41BF-A17B-C43C115B0CF9}.Release|Any CPU.ActiveCfg = Release|Any CPU
		{B1A27BA7-C894-41BF-A17B-C43C115B0CF9}.Release|Any CPU.Build.0 = Release|Any CPU
		{3C560C28-135B-464B-9A5A-3A51B2A6771F}.Debug|Any CPU.ActiveCfg = Debug|Any CPU
		{3C560C28-135B-464B-9A5A-3A51B2A6771F}.Debug|Any CPU.Build.0 = Debug|Any CPU
		{3C560C28-135B-464B-9A5A-3A51B2A6771F}.Release|Any CPU.ActiveCfg = Release|Any CPU
		{3C560C28-135B-464B-9A5A-3A51B2A6771F}.Release|Any CPU.Build.0 = Release|Any CPU
		{53BFFB31-304D-46DB-9218-28F1B2D0871F}.Debug|Any CPU.ActiveCfg = Debug|Any CPU
		{53BFFB31-304D-46DB-9218-28F1B2D0871F}.Debug|Any CPU.Build.0 = Debug|Any CPU
		{53BFFB31-304D-46DB-9218-28F1B2D0871F}.Release|Any CPU.ActiveCfg = Release|Any CPU
		{53BFFB31-304D-46DB-9218-28F1B2D0871F}.Release|Any CPU.Build.0 = Release|Any CPU
		{172C810C-50B1-4822-9142-C3442DE74126}.Debug|Any CPU.ActiveCfg = Debug|Any CPU
		{172C810C-50B1-4822-9142-C3442DE74126}.Debug|Any CPU.Build.0 = Debug|Any CPU
		{172C810C-50B1-4822-9142-C3442DE74126}.Release|Any CPU.ActiveCfg = Release|Any CPU
		{172C810C-50B1-4822-9142-C3442DE74126}.Release|Any CPU.Build.0 = Release|Any CPU
		{6D12EA14-FD15-4ED6-A05D-41E69B686565}.Debug|Any CPU.ActiveCfg = Debug|Any CPU
		{6D12EA14-FD15-4ED6-A05D-41E69B686565}.Debug|Any CPU.Build.0 = Debug|Any CPU
		{6D12EA14-FD15-4ED6-A05D-41E69B686565}.Release|Any CPU.ActiveCfg = Release|Any CPU
		{6D12EA14-FD15-4ED6-A05D-41E69B686565}.Release|Any CPU.Build.0 = Release|Any CPU
	EndGlobalSection
EndGlobal
