
Microsoft Visual Studio Solution File, Format Version 12.00
Project("{FAE04EC0-301F-11D3-BF4B-00C04F79EFBC}") = "Basement", "Basement\Basement.csproj", "{B1A27BA7-C894-41BF-A17B-C43C115B0CF9}"
EndProject
Project("{FAE04EC0-301F-11D3-BF4B-00C04F79EFBC}") = "FactoryMethod", "FactoryMethod\FactoryMethod.csproj", "{3C560C28-135B-464B-9A5A-3A51B2A6771F}"
EndProject
Project("{FAE04EC0-301F-11D3-BF4B-00C04F79EFBC}") = "AbstractFactory", "AbstractFactory\AbstractFactory.csproj", "{53BFFB31-304D-46DB-9218-28F1B2D0871F}"
EndProject
Project("{FAE04EC0-301F-11D3-BF4B-00C04F79EFBC}") = "Singleton", "Singleton\Singleton.csproj", "{172C810C-50B1-4822-9142-C3442DE74126}"
EndProject
Project("{FAE04EC0-301F-11D3-BF4B-00C04F79EFBC}") = "builder", "builder\builder.csproj", "{6D12EA14-FD15-4ED6-A05D-41E69B686565}"
EndProject
Project("{FAE04EC0-301F-11D3-BF4B-00C04F79EFBC}") = "TemplateMethod", "TemplateMethod\TemplateMethod.csproj", "{BA24DD44-C3B8-4DF9-B454-E17B99E1B1A9}"
EndProject
Project("{FAE04EC0-301F-11D3-BF4B-00C04F79EFBC}") = "Prototype", "Prototype\Prototype.csproj", "{41158670-0DBB-47BD-A9D7-8F2AE7D95F85}"
EndProject
Project("{FAE04EC0-301F-11D3-BF4B-00C04F79EFBC}") = "Command", "Command\Command.csproj", "{65A80CDB-35C5-4D73-81E3-BB148F59F4A7}"
EndProject
Project("{FAE04EC0-301F-11D3-BF4B-00C04F79EFBC}") = "Strategy", "Strategy\Strategy.csproj", "{E315F1BB-F2D7-44FC-A3C4-B0DA19993A3E}"
EndProject
Project("{FAE04EC0-301F-11D3-BF4B-00C04F79EFBC}") = "Adapter", "Adapter\Adapter.csproj", "{06EB70D9-A14A-418C-A58B-1B6BD1EF7FBF}"
EndProject
Project("{FAE04EC0-301F-11D3-BF4B-00C04F79EFBC}") = "ChainOfResponsibility", "ChainOfResponsibility\ChainOfResponsibility.csproj", "{78B2991B-ABD8-4A4B-A267-C5373026B9F9}"
EndProject
Project("{FAE04EC0-301F-11D3-BF4B-00C04F79EFBC}") = "Iterator", "Iterator\Iterator.csproj", "{221BF99C-1421-4A3B-BBB5-A7088B26C145}"
EndProject
Project("{FAE04EC0-301F-11D3-BF4B-00C04F79EFBC}") = "Mediator", "Mediator\Mediator.csproj", "{B9CB11FA-8BF3-4FD5-BD3D-EEBF9FD37D18}"
EndProject
Global
	GlobalSection(SolutionConfigurationPlatforms) = preSolution
		Debug|Any CPU = Debug|Any CPU
		Release|Any CPU = Release|Any CPU
	EndGlobalSection
	GlobalSection(ProjectConfigurationPlatforms) = postSolution
		{B1A27BA7-C894-41BF-A17B-C43C115B0CF9}.Debug|Any CPU.ActiveCfg = Debug|Any CPU
		{B1A27BA7-C894-41BF-A17B-C43C115B0CF9}.Debug|Any CPU.Build.0 = Debug|Any CPU
		{B1A27BA7-C894-41BF-A17B-C43C115B0CF9}.Release|Any CPU.ActiveCfg = Release|Any CPU
		{B1A27BA7-C894-41BF-A17B-C43C115B0CF9}.Release|Any CPU.Build.0 = Release|Any CPU
		{3C560C28-135B-464B-9A5A-3A51B2A6771F}.Debug|Any CPU.ActiveCfg = Debug|Any CPU
		{3C560C28-135B-464B-9A5A-3A51B2A6771F}.Debug|Any CPU.Build.0 = Debug|Any CPU
		{3C560C28-135B-464B-9A5A-3A51B2A6771F}.Release|Any CPU.ActiveCfg = Release|Any CPU
		{3C560C28-135B-464B-9A5A-3A51B2A6771F}.Release|Any CPU.Build.0 = Release|Any CPU
		{53BFFB31-304D-46DB-9218-28F1B2D0871F}.Debug|Any CPU.ActiveCfg = Debug|Any CPU
		{53BFFB31-304D-46DB-9218-28F1B2D0871F}.Debug|Any CPU.Build.0 = Debug|Any CPU
		{53BFFB31-304D-46DB-9218-28F1B2D0871F}.Release|Any CPU.ActiveCfg = Release|Any CPU
		{53BFFB31-304D-46DB-9218-28F1B2D0871F}.Release|Any CPU.Build.0 = Release|Any CPU
		{172C810C-50B1-4822-9142-C3442DE74126}.Debug|Any CPU.ActiveCfg = Debug|Any CPU
		{172C810C-50B1-4822-9142-C3442DE74126}.Debug|Any CPU.Build.0 = Debug|Any CPU
		{172C810C-50B1-4822-9142-C3442DE74126}.Release|Any CPU.ActiveCfg = Release|Any CPU
		{172C810C-50B1-4822-9142-C3442DE74126}.Release|Any CPU.Build.0 = Release|Any CPU
		{6D12EA14-FD15-4ED6-A05D-41E69B686565}.Debug|Any CPU.ActiveCfg = Debug|Any CPU
		{6D12EA14-FD15-4ED6-A05D-41E69B686565}.Debug|Any CPU.Build.0 = Debug|Any CPU
		{6D12EA14-FD15-4ED6-A05D-41E69B686565}.Release|Any CPU.ActiveCfg = Release|Any CPU
		{6D12EA14-FD15-4ED6-A05D-41E69B686565}.Release|Any CPU.Build.0 = Release|Any CPU
		{41158670-0DBB-47BD-A9D7-8F2AE7D95F85}.Debug|Any CPU.ActiveCfg = Debug|Any CPU
		{41158670-0DBB-47BD-A9D7-8F2AE7D95F85}.Debug|Any CPU.Build.0 = Debug|Any CPU
		{41158670-0DBB-47BD-A9D7-8F2AE7D95F85}.Release|Any CPU.ActiveCfg = Release|Any CPU
		{41158670-0DBB-47BD-A9D7-8F2AE7D95F85}.Release|Any CPU.Build.0 = Release|Any CPU
		{65A80CDB-35C5-4D73-81E3-BB148F59F4A7}.Debug|Any CPU.ActiveCfg = Debug|Any CPU
		{65A80CDB-35C5-4D73-81E3-BB148F59F4A7}.Debug|Any CPU.Build.0 = Debug|Any CPU
		{65A80CDB-35C5-4D73-81E3-BB148F59F4A7}.Release|Any CPU.ActiveCfg = Release|Any CPU
		{65A80CDB-35C5-4D73-81E3-BB148F59F4A7}.Release|Any CPU.Build.0 = Release|Any CPU
		{BA24DD44-C3B8-4DF9-B454-E17B99E1B1A9}.Debug|Any CPU.ActiveCfg = Debug|Any CPU
		{BA24DD44-C3B8-4DF9-B454-E17B99E1B1A9}.Debug|Any CPU.Build.0 = Debug|Any CPU
		{BA24DD44-C3B8-4DF9-B454-E17B99E1B1A9}.Release|Any CPU.ActiveCfg = Release|Any CPU
		{BA24DD44-C3B8-4DF9-B454-E17B99E1B1A9}.Release|Any CPU.Build.0 = Release|Any CPU
		{E315F1BB-F2D7-44FC-A3C4-B0DA19993A3E}.Debug|Any CPU.ActiveCfg = Debug|Any CPU
		{E315F1BB-F2D7-44FC-A3C4-B0DA19993A3E}.Debug|Any CPU.Build.0 = Debug|Any CPU
		{E315F1BB-F2D7-44FC-A3C4-B0DA19993A3E}.Release|Any CPU.ActiveCfg = Release|Any CPU
		{E315F1BB-F2D7-44FC-A3C4-B0DA19993A3E}.Release|Any CPU.Build.0 = Release|Any CPU
		{06EB70D9-A14A-418C-A58B-1B6BD1EF7FBF}.Debug|Any CPU.ActiveCfg = Debug|Any CPU
		{06EB70D9-A14A-418C-A58B-1B6BD1EF7FBF}.Debug|Any CPU.Build.0 = Debug|Any CPU
		{06EB70D9-A14A-418C-A58B-1B6BD1EF7FBF}.Release|Any CPU.ActiveCfg = Release|Any CPU
		{06EB70D9-A14A-418C-A58B-1B6BD1EF7FBF}.Release|Any CPU.Build.0 = Release|Any CPU
		{78B2991B-ABD8-4A4B-A267-C5373026B9F9}.Debug|Any CPU.ActiveCfg = Debug|Any CPU
		{78B2991B-ABD8-4A4B-A267-C5373026B9F9}.Debug|Any CPU.Build.0 = Debug|Any CPU
		{78B2991B-ABD8-4A4B-A267-C5373026B9F9}.Release|Any CPU.ActiveCfg = Release|Any CPU
		{78B2991B-ABD8-4A4B-A267-C5373026B9F9}.Release|Any CPU.Build.0 = Release|Any CPU
		{221BF99C-1421-4A3B-BBB5-A7088B26C145}.Debug|Any CPU.ActiveCfg = Debug|Any CPU
		{221BF99C-1421-4A3B-BBB5-A7088B26C145}.Debug|Any CPU.Build.0 = Debug|Any CPU
		{221BF99C-1421-4A3B-BBB5-A7088B26C145}.Release|Any CPU.ActiveCfg = Release|Any CPU
		{221BF99C-1421-4A3B-BBB5-A7088B26C145}.Release|Any CPU.Build.0 = Release|Any CPU
		{B9CB11FA-8BF3-4FD5-BD3D-EEBF9FD37D18}.Debug|Any CPU.ActiveCfg = Debug|Any CPU
		{B9CB11FA-8BF3-4FD5-BD3D-EEBF9FD37D18}.Debug|Any CPU.Build.0 = Debug|Any CPU
		{B9CB11FA-8BF3-4FD5-BD3D-EEBF9FD37D18}.Release|Any CPU.ActiveCfg = Release|Any CPU
		{B9CB11FA-8BF3-4FD5-BD3D-EEBF9FD37D18}.Release|Any CPU.Build.0 = Release|Any CPU
	EndGlobalSection
EndGlobal
